
Microsoft Visual Studio Solution File, Format Version 12.00
# Visual Studio 14
VisualStudioVersion = 14.0.25123.0
MinimumVisualStudioVersion = 10.0.40219.1
Project("{FAE04EC0-301F-11D3-BF4B-00C04F79EFBC}") = "SecondTask", "SecondTask\SecondTask.csproj", "{5579722B-9865-41B8-BB1D-C24B80C9411D}"
EndProject
Project("{FAE04EC0-301F-11D3-BF4B-00C04F79EFBC}") = "AddressBookLibrary", "AddressBookLibrary\AddressBookLibrary.csproj", "{E63317E9-60B9-46F3-B9E1-C5214B9B3B56}"
EndProject
Project("{FAE04EC0-301F-11D3-BF4B-00C04F79EFBC}") = "LoggerLibrary", "LoggerLibrary\LoggerLibrary.csproj", "{4D30A14D-00EB-4DA4-955E-38799B29E8DC}"
EndProject
Global
	GlobalSection(SolutionConfigurationPlatforms) = preSolution
		Debug|Any CPU = Debug|Any CPU
		Release|Any CPU = Release|Any CPU
	EndGlobalSection
	GlobalSection(ProjectConfigurationPlatforms) = postSolution
		{5579722B-9865-41B8-BB1D-C24B80C9411D}.Debug|Any CPU.ActiveCfg = Debug|Any CPU
		{5579722B-9865-41B8-BB1D-C24B80C9411D}.Debug|Any CPU.Build.0 = Debug|Any CPU
		{5579722B-9865-41B8-BB1D-C24B80C9411D}.Release|Any CPU.ActiveCfg = Release|Any CPU
		{5579722B-9865-41B8-BB1D-C24B80C9411D}.Release|Any CPU.Build.0 = Release|Any CPU
		{E63317E9-60B9-46F3-B9E1-C5214B9B3B56}.Debug|Any CPU.ActiveCfg = Debug|Any CPU
		{E63317E9-60B9-46F3-B9E1-C5214B9B3B56}.Debug|Any CPU.Build.0 = Debug|Any CPU
		{E63317E9-60B9-46F3-B9E1-C5214B9B3B56}.Release|Any CPU.ActiveCfg = Release|Any CPU
		{E63317E9-60B9-46F3-B9E1-C5214B9B3B56}.Release|Any CPU.Build.0 = Release|Any CPU
		{4D30A14D-00EB-4DA4-955E-38799B29E8DC}.Debug|Any CPU.ActiveCfg = Debug|Any CPU
		{4D30A14D-00EB-4DA4-955E-38799B29E8DC}.Debug|Any CPU.Build.0 = Debug|Any CPU
		{4D30A14D-00EB-4DA4-955E-38799B29E8DC}.Release|Any CPU.ActiveCfg = Release|Any CPU
		{4D30A14D-00EB-4DA4-955E-38799B29E8DC}.Release|Any CPU.Build.0 = Release|Any CPU
	EndGlobalSection
	GlobalSection(SolutionProperties) = preSolution
		HideSolutionNode = FALSE
	EndGlobalSection
EndGlobal
